
Microsoft Visual Studio Solution File, Format Version 12.00
# Visual Studio 15
VisualStudioVersion = 15.0.28307.572
MinimumVisualStudioVersion = 10.0.40219.1
Project("{FAE04EC0-301F-11D3-BF4B-00C04F79EFBC}") = "APIBanka", "APIBanka\APIBanka.csproj", "{E0CBCAE4-471A-499D-985D-C4DE87351511}"
EndProject
Global
	GlobalSection(SolutionConfigurationPlatforms) = preSolution
		Debug|Any CPU = Debug|Any CPU
		Release|Any CPU = Release|Any CPU
	EndGlobalSection
	GlobalSection(ProjectConfigurationPlatforms) = postSolution
		{E0CBCAE4-471A-499D-985D-C4DE87351511}.Debug|Any CPU.ActiveCfg = Debug|Any CPU
		{E0CBCAE4-471A-499D-985D-C4DE87351511}.Debug|Any CPU.Build.0 = Debug|Any CPU
		{E0CBCAE4-471A-499D-985D-C4DE87351511}.Release|Any CPU.ActiveCfg = Release|Any CPU
		{E0CBCAE4-471A-499D-985D-C4DE87351511}.Release|Any CPU.Build.0 = Release|Any CPU
	EndGlobalSection
	GlobalSection(SolutionProperties) = preSolution
		HideSolutionNode = FALSE
	EndGlobalSection
	GlobalSection(ExtensibilityGlobals) = postSolution
		SolutionGuid = {DD41C9C5-27AD-44CC-B0B7-6DB6BAA6146A}
	EndGlobalSection
EndGlobal
